
Microsoft Visual Studio Solution File, Format Version 12.00
# Visual Studio Version 17
VisualStudioVersion = 17.0.31903.59
MinimumVisualStudioVersion = 10.0.40219.1
Project("{9A19103F-16F7-4668-BE54-9A1E7A4F7556}") = "SportsStore", "SportsStore\SportsStore.csproj", "{10085D8F-5025-4C74-8F62-A098B4B4E4C1}"
EndProject
Project("{9A19103F-16F7-4668-BE54-9A1E7A4F7556}") = "SportsStore.Tests", "SportsStore.Tests\SportsStore.Tests.csproj", "{1FFE5A8B-5E70-4A9C-B830-6A3D1BA51CCD}"
EndProject
Global
	GlobalSection(SolutionConfigurationPlatforms) = preSolution
		Debug|Any CPU = Debug|Any CPU
		Release|Any CPU = Release|Any CPU
	EndGlobalSection
	GlobalSection(ProjectConfigurationPlatforms) = postSolution
		{10085D8F-5025-4C74-8F62-A098B4B4E4C1}.Debug|Any CPU.ActiveCfg = Debug|Any CPU
		{10085D8F-5025-4C74-8F62-A098B4B4E4C1}.Debug|Any CPU.Build.0 = Debug|Any CPU
		{10085D8F-5025-4C74-8F62-A098B4B4E4C1}.Release|Any CPU.ActiveCfg = Release|Any CPU
		{10085D8F-5025-4C74-8F62-A098B4B4E4C1}.Release|Any CPU.Build.0 = Release|Any CPU
		{1FFE5A8B-5E70-4A9C-B830-6A3D1BA51CCD}.Debug|Any CPU.ActiveCfg = Debug|Any CPU
		{1FFE5A8B-5E70-4A9C-B830-6A3D1BA51CCD}.Debug|Any CPU.Build.0 = Debug|Any CPU
		{1FFE5A8B-5E70-4A9C-B830-6A3D1BA51CCD}.Release|Any CPU.ActiveCfg = Release|Any CPU
		{1FFE5A8B-5E70-4A9C-B830-6A3D1BA51CCD}.Release|Any CPU.Build.0 = Release|Any CPU
	EndGlobalSection
	GlobalSection(SolutionProperties) = preSolution
		HideSolutionNode = FALSE
	EndGlobalSection
	GlobalSection(ExtensibilityGlobals) = postSolution
		SolutionGuid = {2987AF70-88FF-43EF-9908-157759752316}
	EndGlobalSection
EndGlobal
